
Microsoft Visual Studio Solution File, Format Version 12.00
# Visual Studio Version 17
VisualStudioVersion = 17.9.34526.213
MinimumVisualStudioVersion = 10.0.40219.1
Project("{FAE04EC0-301F-11D3-BF4B-00C04F79EFBC}") = "GamesClub", "GamesClub\GamesClub.csproj", "{C07C9217-0346-4D98-8AC5-28C4B194545F}"
EndProject
Global
	GlobalSection(SolutionConfigurationPlatforms) = preSolution
		Debug|Any CPU = Debug|Any CPU
		Release|Any CPU = Release|Any CPU
	EndGlobalSection
	GlobalSection(ProjectConfigurationPlatforms) = postSolution
		{C07C9217-0346-4D98-8AC5-28C4B194545F}.Debug|Any CPU.ActiveCfg = Debug|Any CPU
		{C07C9217-0346-4D98-8AC5-28C4B194545F}.Debug|Any CPU.Build.0 = Debug|Any CPU
		{C07C9217-0346-4D98-8AC5-28C4B194545F}.Release|Any CPU.ActiveCfg = Release|Any CPU
		{C07C9217-0346-4D98-8AC5-28C4B194545F}.Release|Any CPU.Build.0 = Release|Any CPU
	EndGlobalSection
	GlobalSection(SolutionProperties) = preSolution
		HideSolutionNode = FALSE
	EndGlobalSection
	GlobalSection(ExtensibilityGlobals) = postSolution
		SolutionGuid = {9610F3C1-AB34-4A09-A35A-1E8EF417D1BD}
	EndGlobalSection
EndGlobal
